PODS:
  - barcode_scan (0.0.1):
    - Flutter
    - MTBBarcodeScanner
    - SwiftProtobuf
  - Flutter (1.0.0)
  - flutter_drag_scale (0.0.1):
    - Flutter
  - flutter_guidance_plugin (0.0.1):
    - Flutter
  - flutter_native_image (0.0.1):
    - Flutter
  - fluttertoast (0.0.2):
    - Flutter
  - fluwx (0.0.1):
    - Flutter
    - WechatOpenSDK (= 1.8.7.1)
  - image_picker (0.0.1):
    - Flutter
  - JCore (2.3.4)
  - JPush (3.3.6):
    - JCore (< 3.0.0, >= 2.0.0)
  - jpush_flutter (0.0.2):
    - Flutter
    - JPush
  - MTBBarcodeScanner (5.0.11)
  - path_provider (0.0.1):
    - Flutter
  - screen (0.0.1):
    - Flutter
  - shared_preferences (0.0.1):
    - Flutter
  - SwiftProtobuf (1.10.2)
  - url_launcher (0.0.1):
    - Flutter
  - video_player (0.0.1):
    - Flutter
  - wakelock (0.0.1):
    - Flutter
  - webview_flutter (0.0.1):
    - Flutter
  - WechatOpenSDK (1.8.7.1)

DEPENDENCIES:
  - barcode_scan (from `.symlinks/plugins/barcode_scan/ios`)
  - Flutter (from `Flutter`)
  - flutter_drag_scale (from `.symlinks/plugins/flutter_drag_scale/ios`)
  - flutter_guidance_plugin (from `.symlinks/plugins/flutter_guidance_plugin/ios`)
  - flutter_native_image (from `.symlinks/plugins/flutter_native_image/ios`)
  - fluttertoast (from `.symlinks/plugins/fluttertoast/ios`)
  - fluwx (from `.symlinks/plugins/fluwx/ios`)
  - image_picker (from `.symlinks/plugins/image_picker/ios`)
  - jpush_flutter (from `.symlinks/plugins/jpush_flutter/ios`)
  - path_provider (from `.symlinks/plugins/path_provider/ios`)
  - screen (from `.symlinks/plugins/screen/ios`)
  - shared_preferences (from `.symlinks/plugins/shared_preferences/ios`)
  - url_launcher (from `.symlinks/plugins/url_launcher/ios`)
  - video_player (from `.symlinks/plugins/video_player/ios`)
  - wakelock (from `.symlinks/plugins/wakelock/ios`)
  - webview_flutter (from `.symlinks/plugins/webview_flutter/ios`)

SPEC REPOS:
  trunk:
    - JCore
    - JPush
    - MTBBarcodeScanner
    - SwiftProtobuf
    - WechatOpenSDK

EXTERNAL SOURCES:
  barcode_scan:
    :path: ".symlinks/plugins/barcode_scan/ios"
  Flutter:
    :path: Flutter
  flutter_drag_scale:
    :path: ".symlinks/plugins/flutter_drag_scale/ios"
  flutter_guidance_plugin:
    :path: ".symlinks/plugins/flutter_guidance_plugin/ios"
  flutter_native_image:
    :path: ".symlinks/plugins/flutter_native_image/ios"
  fluttertoast:
    :path: ".symlinks/plugins/fluttertoast/ios"
  fluwx:
    :path: ".symlinks/plugins/fluwx/ios"
  image_picker:
    :path: ".symlinks/plugins/image_picker/ios"
  jpush_flutter:
    :path: ".symlinks/plugins/jpush_flutter/ios"
  path_provider:
    :path: ".symlinks/plugins/path_provider/ios"
  screen:
    :path: ".symlinks/plugins/screen/ios"
  shared_preferences:
    :path: ".symlinks/plugins/shared_preferences/ios"
  url_launcher:
    :path: ".symlinks/plugins/url_launcher/ios"
  video_player:
    :path: ".symlinks/plugins/video_player/ios"
  wakelock:
    :path: ".symlinks/plugins/wakelock/ios"
  webview_flutter:
    :path: ".symlinks/plugins/webview_flutter/ios"

SPEC CHECKSUMS:
  barcode_scan: a5c27959edfafaa0c771905bad0b29d6d39e4479
  Flutter: 0e3d915762c693b495b44d77113d4970485de6ec
  flutter_drag_scale: 545fd546a1e968bd965883f0511b1c47f049f37d
  flutter_guidance_plugin: 53300db18f05527c516f7e8f8708ce927b45dd44
  flutter_native_image: 9c0b7451838484458e5b0fae007b86a4c2d4bdfe
  fluttertoast: b644586ef3b16f67fae9a1f8754cef6b2d6b634b
  fluwx: 07a55ed66bf3a4961e836a2a411b02dcada32902
  image_picker: 9c3312491f862b28d21ecd8fdf0ee14e601b3f09
  JCore: 8aa29dc57ba3730dd9fe7544ce1a4e1cbe221135
  JPush: a401b946dcc76b37335422487201bc1ecc8dd296
  jpush_flutter: 69133df35eaf9135e540549b154d992c44f8ee44
  MTBBarcodeScanner: f453b33c4b7dfe545d8c6484ed744d55671788cb
  path_provider: abfe2b5c733d04e238b0d8691db0cfd63a27a93c
  screen: abd91ca7bf3426e1cc3646d27e9b2358d6bf07b0
  shared_preferences: af6bfa751691cdc24be3045c43ec037377ada40d
  SwiftProtobuf: bec1ae7d686ff73dd09d79866154f4970b891410
  url_launcher: 6fef411d543ceb26efce54b05a0a40bfd74cbbef
  video_player: 9cc823b1d9da7e8427ee591e8438bfbcde500e6e
  wakelock: 0d4a70faf8950410735e3f61fb15d517c8a6efc4
  webview_flutter: d2b4d6c66968ad042ad94cbb791f5b72b4678a96
  WechatOpenSDK: 6a4d1436c15b3b5fe2a0bd383f3046010186da44

PODFILE CHECKSUM: ea9cf8ec62c6b6cb41d2e9eebb5c21fe20edc144

COCOAPODS: 1.9.3
